
Microsoft Visual Studio Solution File, Format Version 11.00
# Visual C++ Express 2010
Project("{8BC9CEB8-8B4A-11D0-8D11-00A0C91BC942}") = "xraft", "xraft.vcxproj", "{ABF7C93F-5E8C-4B40-8FB4-FEE395799A62}"
EndProject
Project("{8BC9CEB8-8B4A-11D0-8D11-00A0C91BC942}") = "balls", "examples\balls.vcxproj", "{0E16E358-10E3-4D20-9F5B-BB2EF0D2EE9B}"
	ProjectSection(ProjectDependencies) = postProject
		{ABF7C93F-5E8C-4B40-8FB4-FEE395799A62} = {ABF7C93F-5E8C-4B40-8FB4-FEE395799A62}
	EndProjectSection
EndProject
Project("{8BC9CEB8-8B4A-11D0-8D11-00A0C91BC942}") = "editor", "xrafttv\editor.vcxproj", "{8642F4CD-4D47-4014-BC14-9B42B2F720DE}"
	ProjectSection(ProjectDependencies) = postProject
		{ABF7C93F-5E8C-4B40-8FB4-FEE395799A62} = {ABF7C93F-5E8C-4B40-8FB4-FEE395799A62}
	EndProjectSection
EndProject
Project("{8BC9CEB8-8B4A-11D0-8D11-00A0C91BC942}") = "xraft-xemmai", "xemmai\xraft-xemmai.vcxproj", "{14FBCB9F-01C0-4692-B524-6DD5967EBE8C}"
	ProjectSection(ProjectDependencies) = postProject
		{4AEE7006-0B21-4A64-9302-91A3DC9BD8F4} = {4AEE7006-0B21-4A64-9302-91A3DC9BD8F4}
		{ABF7C93F-5E8C-4B40-8FB4-FEE395799A62} = {ABF7C93F-5E8C-4B40-8FB4-FEE395799A62}
	EndProjectSection
EndProject
Project("{8BC9CEB8-8B4A-11D0-8D11-00A0C91BC942}") = "xemmai", "..\xemmai\xemmai.vcxproj", "{4AEE7006-0B21-4A64-9302-91A3DC9BD8F4}"
EndProject
Project("{8BC9CEB8-8B4A-11D0-8D11-00A0C91BC942}") = "xrafttv-xemmai", "xrafttv\xrafttv-xemmai.vcxproj", "{D5E32316-E537-4A7C-ACA2-5D6767E72DDF}"
	ProjectSection(ProjectDependencies) = postProject
		{4AEE7006-0B21-4A64-9302-91A3DC9BD8F4} = {4AEE7006-0B21-4A64-9302-91A3DC9BD8F4}
		{14FBCB9F-01C0-4692-B524-6DD5967EBE8C} = {14FBCB9F-01C0-4692-B524-6DD5967EBE8C}
	EndProjectSection
EndProject
Project("{8BC9CEB8-8B4A-11D0-8D11-00A0C91BC942}") = "math", "..\xemmai\modules\math.vcxproj", "{D8E74FAC-973C-42C6-B4DD-41F2B8114DEC}"
EndProject
Project("{8BC9CEB8-8B4A-11D0-8D11-00A0C91BC942}") = "os", "..\xemmai\modules\os.vcxproj", "{ACC3A82B-0235-4120-81D8-C916A2B8A18D}"
EndProject
Project("{8BC9CEB8-8B4A-11D0-8D11-00A0C91BC942}") = "threading", "..\xemmai\modules\threading.vcxproj", "{CB828A6F-E023-4C36-A863-7DBF0CBFE33C}"
EndProject
Project("{8BC9CEB8-8B4A-11D0-8D11-00A0C91BC942}") = "time", "..\xemmai\modules\time.vcxproj", "{5A95ECBC-49D0-4CF5-B814-BDEA9886817F}"
EndProject
Project("{8BC9CEB8-8B4A-11D0-8D11-00A0C91BC942}") = "zlib", "zlib.vcxproj", "{60E4AFFA-9ADA-498D-8011-BA7F1D5700CD}"
EndProject
Project("{8BC9CEB8-8B4A-11D0-8D11-00A0C91BC942}") = "libpng", "libpng.vcxproj", "{B97843C0-D595-480C-A287-5C100D7E044B}"
	ProjectSection(ProjectDependencies) = postProject
		{60E4AFFA-9ADA-498D-8011-BA7F1D5700CD} = {60E4AFFA-9ADA-498D-8011-BA7F1D5700CD}
	EndProjectSection
EndProject
Project("{8BC9CEB8-8B4A-11D0-8D11-00A0C91BC942}") = "pixman", "pixman.vcxproj", "{7D46D197-1A70-4B55-979B-E326C519A6D3}"
EndProject
Project("{8BC9CEB8-8B4A-11D0-8D11-00A0C91BC942}") = "cairo", "cairo.vcxproj", "{2D03E9F0-2A8E-48DD-AF3A-F586FDD2FC72}"
	ProjectSection(ProjectDependencies) = postProject
		{7D46D197-1A70-4B55-979B-E326C519A6D3} = {7D46D197-1A70-4B55-979B-E326C519A6D3}
		{B97843C0-D595-480C-A287-5C100D7E044B} = {B97843C0-D595-480C-A287-5C100D7E044B}
	EndProjectSection
EndProject
Project("{8BC9CEB8-8B4A-11D0-8D11-00A0C91BC942}") = "jpeg", "jpeg.vcxproj", "{777B018E-46FD-41B7-A0C8-75454C3D1028}"
EndProject
Project("{8BC9CEB8-8B4A-11D0-8D11-00A0C91BC942}") = "cairo-xemmai", "..\cairo-xemmai\cairo-xemmai.vcxproj", "{37E20D14-F53B-49F4-934C-1BA534B57B29}"
	ProjectSection(ProjectDependencies) = postProject
		{4AEE7006-0B21-4A64-9302-91A3DC9BD8F4} = {4AEE7006-0B21-4A64-9302-91A3DC9BD8F4}
		{777B018E-46FD-41B7-A0C8-75454C3D1028} = {777B018E-46FD-41B7-A0C8-75454C3D1028}
		{2D03E9F0-2A8E-48DD-AF3A-F586FDD2FC72} = {2D03E9F0-2A8E-48DD-AF3A-F586FDD2FC72}
	EndProjectSection
EndProject
Project("{8BC9CEB8-8B4A-11D0-8D11-00A0C91BC942}") = "xraftcairo-xemmai", "xemmai\xraftcairo-xemmai.vcxproj", "{F5401CAB-EF2D-4A2C-A353-025877BB7C7A}"
	ProjectSection(ProjectDependencies) = postProject
		{37E20D14-F53B-49F4-934C-1BA534B57B29} = {37E20D14-F53B-49F4-934C-1BA534B57B29}
		{14FBCB9F-01C0-4692-B524-6DD5967EBE8C} = {14FBCB9F-01C0-4692-B524-6DD5967EBE8C}
	EndProjectSection
EndProject
Project("{8BC9CEB8-8B4A-11D0-8D11-00A0C91BC942}") = "libxml2", "libxml2.vcxproj", "{E3CACFD0-ED88-4B99-A68B-219A3E0583A8}"
EndProject
Project("{8BC9CEB8-8B4A-11D0-8D11-00A0C91BC942}") = "libxml-xemmai", "..\libxml-xemmai\libxml-xemmai.vcxproj", "{3AFA79FC-915A-4A90-BAF5-130101BFA24A}"
	ProjectSection(ProjectDependencies) = postProject
		{4AEE7006-0B21-4A64-9302-91A3DC9BD8F4} = {4AEE7006-0B21-4A64-9302-91A3DC9BD8F4}
		{E3CACFD0-ED88-4B99-A68B-219A3E0583A8} = {E3CACFD0-ED88-4B99-A68B-219A3E0583A8}
	EndProjectSection
EndProject
Project("{8BC9CEB8-8B4A-11D0-8D11-00A0C91BC942}") = "mime-xemmai", "..\mime-xemmai\mime-xemmai.vcxproj", "{8828CA3C-3984-406B-918A-316CFB0D785F}"
	ProjectSection(ProjectDependencies) = postProject
		{4AEE7006-0B21-4A64-9302-91A3DC9BD8F4} = {4AEE7006-0B21-4A64-9302-91A3DC9BD8F4}
	EndProjectSection
EndProject
Project("{8BC9CEB8-8B4A-11D0-8D11-00A0C91BC942}") = "al-xemmai", "..\al-xemmai\al-xemmai.vcxproj", "{893762DD-CDB0-489D-B488-5EB1B0641249}"
	ProjectSection(ProjectDependencies) = postProject
		{4AEE7006-0B21-4A64-9302-91A3DC9BD8F4} = {4AEE7006-0B21-4A64-9302-91A3DC9BD8F4}
	EndProjectSection
EndProject
Project("{8BC9CEB8-8B4A-11D0-8D11-00A0C91BC942}") = "gears", "examples\gears.vcxproj", "{878D062D-071F-4BBE-851D-C76F5349670F}"
	ProjectSection(ProjectDependencies) = postProject
		{ABF7C93F-5E8C-4B40-8FB4-FEE395799A62} = {ABF7C93F-5E8C-4B40-8FB4-FEE395799A62}
	EndProjectSection
EndProject
Project("{8BC9CEB8-8B4A-11D0-8D11-00A0C91BC942}") = "gl-xemmai", "..\gl-xemmai\gl-xemmai.vcxproj", "{A0DC2697-7D6A-4E62-A381-7D1307EA55D6}"
	ProjectSection(ProjectDependencies) = postProject
		{4AEE7006-0B21-4A64-9302-91A3DC9BD8F4} = {4AEE7006-0B21-4A64-9302-91A3DC9BD8F4}
	EndProjectSection
EndProject
Project("{8BC9CEB8-8B4A-11D0-8D11-00A0C91BC942}") = "xraftim-client", "xraftim\client.vcxproj", "{DC9EB3A3-4929-4594-AC04-FDAC99A98089}"
EndProject
Project("{8BC9CEB8-8B4A-11D0-8D11-00A0C91BC942}") = "xraftim-server", "xraftim\server.vcxproj", "{1B6D11E2-66F9-454F-8069-65B76817B265}"
EndProject
Global
	GlobalSection(SolutionConfigurationPlatforms) = preSolution
		Debug|Win32 = Debug|Win32
		Release|Win32 = Release|Win32
	EndGlobalSection
	GlobalSection(ProjectConfigurationPlatforms) = postSolution
		{ABF7C93F-5E8C-4B40-8FB4-FEE395799A62}.Debug|Win32.ActiveCfg = Debug|Win32
		{ABF7C93F-5E8C-4B40-8FB4-FEE395799A62}.Debug|Win32.Build.0 = Debug|Win32
		{ABF7C93F-5E8C-4B40-8FB4-FEE395799A62}.Release|Win32.ActiveCfg = Release|Win32
		{ABF7C93F-5E8C-4B40-8FB4-FEE395799A62}.Release|Win32.Build.0 = Release|Win32
		{0E16E358-10E3-4D20-9F5B-BB2EF0D2EE9B}.Debug|Win32.ActiveCfg = Debug|Win32
		{0E16E358-10E3-4D20-9F5B-BB2EF0D2EE9B}.Debug|Win32.Build.0 = Debug|Win32
		{0E16E358-10E3-4D20-9F5B-BB2EF0D2EE9B}.Release|Win32.ActiveCfg = Release|Win32
		{0E16E358-10E3-4D20-9F5B-BB2EF0D2EE9B}.Release|Win32.Build.0 = Release|Win32
		{8642F4CD-4D47-4014-BC14-9B42B2F720DE}.Debug|Win32.ActiveCfg = Debug|Win32
		{8642F4CD-4D47-4014-BC14-9B42B2F720DE}.Debug|Win32.Build.0 = Debug|Win32
		{8642F4CD-4D47-4014-BC14-9B42B2F720DE}.Release|Win32.ActiveCfg = Release|Win32
		{8642F4CD-4D47-4014-BC14-9B42B2F720DE}.Release|Win32.Build.0 = Release|Win32
		{14FBCB9F-01C0-4692-B524-6DD5967EBE8C}.Debug|Win32.ActiveCfg = Debug|Win32
		{14FBCB9F-01C0-4692-B524-6DD5967EBE8C}.Debug|Win32.Build.0 = Debug|Win32
		{14FBCB9F-01C0-4692-B524-6DD5967EBE8C}.Release|Win32.ActiveCfg = Release|Win32
		{14FBCB9F-01C0-4692-B524-6DD5967EBE8C}.Release|Win32.Build.0 = Release|Win32
		{4AEE7006-0B21-4A64-9302-91A3DC9BD8F4}.Debug|Win32.ActiveCfg = Debug|Win32
		{4AEE7006-0B21-4A64-9302-91A3DC9BD8F4}.Debug|Win32.Build.0 = Debug|Win32
		{4AEE7006-0B21-4A64-9302-91A3DC9BD8F4}.Release|Win32.ActiveCfg = Release|Win32
		{4AEE7006-0B21-4A64-9302-91A3DC9BD8F4}.Release|Win32.Build.0 = Release|Win32
		{D5E32316-E537-4A7C-ACA2-5D6767E72DDF}.Debug|Win32.ActiveCfg = Debug|Win32
		{D5E32316-E537-4A7C-ACA2-5D6767E72DDF}.Debug|Win32.Build.0 = Debug|Win32
		{D5E32316-E537-4A7C-ACA2-5D6767E72DDF}.Release|Win32.ActiveCfg = Release|Win32
		{D5E32316-E537-4A7C-ACA2-5D6767E72DDF}.Release|Win32.Build.0 = Release|Win32
		{D8E74FAC-973C-42C6-B4DD-41F2B8114DEC}.Debug|Win32.ActiveCfg = Debug|Win32
		{D8E74FAC-973C-42C6-B4DD-41F2B8114DEC}.Debug|Win32.Build.0 = Debug|Win32
		{D8E74FAC-973C-42C6-B4DD-41F2B8114DEC}.Release|Win32.ActiveCfg = Release|Win32
		{D8E74FAC-973C-42C6-B4DD-41F2B8114DEC}.Release|Win32.Build.0 = Release|Win32
		{ACC3A82B-0235-4120-81D8-C916A2B8A18D}.Debug|Win32.ActiveCfg = Debug|Win32
		{ACC3A82B-0235-4120-81D8-C916A2B8A18D}.Debug|Win32.Build.0 = Debug|Win32
		{ACC3A82B-0235-4120-81D8-C916A2B8A18D}.Release|Win32.ActiveCfg = Release|Win32
		{ACC3A82B-0235-4120-81D8-C916A2B8A18D}.Release|Win32.Build.0 = Release|Win32
		{CB828A6F-E023-4C36-A863-7DBF0CBFE33C}.Debug|Win32.ActiveCfg = Debug|Win32
		{CB828A6F-E023-4C36-A863-7DBF0CBFE33C}.Debug|Win32.Build.0 = Debug|Win32
		{CB828A6F-E023-4C36-A863-7DBF0CBFE33C}.Release|Win32.ActiveCfg = Release|Win32
		{CB828A6F-E023-4C36-A863-7DBF0CBFE33C}.Release|Win32.Build.0 = Release|Win32
		{5A95ECBC-49D0-4CF5-B814-BDEA9886817F}.Debug|Win32.ActiveCfg = Debug|Win32
		{5A95ECBC-49D0-4CF5-B814-BDEA9886817F}.Debug|Win32.Build.0 = Debug|Win32
		{5A95ECBC-49D0-4CF5-B814-BDEA9886817F}.Release|Win32.ActiveCfg = Release|Win32
		{5A95ECBC-49D0-4CF5-B814-BDEA9886817F}.Release|Win32.Build.0 = Release|Win32
		{60E4AFFA-9ADA-498D-8011-BA7F1D5700CD}.Debug|Win32.ActiveCfg = Debug|Win32
		{60E4AFFA-9ADA-498D-8011-BA7F1D5700CD}.Debug|Win32.Build.0 = Debug|Win32
		{60E4AFFA-9ADA-498D-8011-BA7F1D5700CD}.Release|Win32.ActiveCfg = Release|Win32
		{60E4AFFA-9ADA-498D-8011-BA7F1D5700CD}.Release|Win32.Build.0 = Release|Win32
		{B97843C0-D595-480C-A287-5C100D7E044B}.Debug|Win32.ActiveCfg = Debug|Win32
		{B97843C0-D595-480C-A287-5C100D7E044B}.Debug|Win32.Build.0 = Debug|Win32
		{B97843C0-D595-480C-A287-5C100D7E044B}.Release|Win32.ActiveCfg = Release|Win32
		{B97843C0-D595-480C-A287-5C100D7E044B}.Release|Win32.Build.0 = Release|Win32
		{7D46D197-1A70-4B55-979B-E326C519A6D3}.Debug|Win32.ActiveCfg = Debug|Win32
		{7D46D197-1A70-4B55-979B-E326C519A6D3}.Debug|Win32.Build.0 = Debug|Win32
		{7D46D197-1A70-4B55-979B-E326C519A6D3}.Release|Win32.ActiveCfg = Release|Win32
		{7D46D197-1A70-4B55-979B-E326C519A6D3}.Release|Win32.Build.0 = Release|Win32
		{2D03E9F0-2A8E-48DD-AF3A-F586FDD2FC72}.Debug|Win32.ActiveCfg = Debug|Win32
		{2D03E9F0-2A8E-48DD-AF3A-F586FDD2FC72}.Debug|Win32.Build.0 = Debug|Win32
		{2D03E9F0-2A8E-48DD-AF3A-F586FDD2FC72}.Release|Win32.ActiveCfg = Release|Win32
		{2D03E9F0-2A8E-48DD-AF3A-F586FDD2FC72}.Release|Win32.Build.0 = Release|Win32
		{777B018E-46FD-41B7-A0C8-75454C3D1028}.Debug|Win32.ActiveCfg = Debug|Win32
		{777B018E-46FD-41B7-A0C8-75454C3D1028}.Debug|Win32.Build.0 = Debug|Win32
		{777B018E-46FD-41B7-A0C8-75454C3D1028}.Release|Win32.ActiveCfg = Release|Win32
		{777B018E-46FD-41B7-A0C8-75454C3D1028}.Release|Win32.Build.0 = Release|Win32
		{37E20D14-F53B-49F4-934C-1BA534B57B29}.Debug|Win32.ActiveCfg = Debug|Win32
		{37E20D14-F53B-49F4-934C-1BA534B57B29}.Debug|Win32.Build.0 = Debug|Win32
		{37E20D14-F53B-49F4-934C-1BA534B57B29}.Release|Win32.ActiveCfg = Release|Win32
		{37E20D14-F53B-49F4-934C-1BA534B57B29}.Release|Win32.Build.0 = Release|Win32
		{F5401CAB-EF2D-4A2C-A353-025877BB7C7A}.Debug|Win32.ActiveCfg = Debug|Win32
		{F5401CAB-EF2D-4A2C-A353-025877BB7C7A}.Debug|Win32.Build.0 = Debug|Win32
		{F5401CAB-EF2D-4A2C-A353-025877BB7C7A}.Release|Win32.ActiveCfg = Release|Win32
		{F5401CAB-EF2D-4A2C-A353-025877BB7C7A}.Release|Win32.Build.0 = Release|Win32
		{E3CACFD0-ED88-4B99-A68B-219A3E0583A8}.Debug|Win32.ActiveCfg = Debug|Win32
		{E3CACFD0-ED88-4B99-A68B-219A3E0583A8}.Debug|Win32.Build.0 = Debug|Win32
		{E3CACFD0-ED88-4B99-A68B-219A3E0583A8}.Release|Win32.ActiveCfg = Release|Win32
		{E3CACFD0-ED88-4B99-A68B-219A3E0583A8}.Release|Win32.Build.0 = Release|Win32
		{3AFA79FC-915A-4A90-BAF5-130101BFA24A}.Debug|Win32.ActiveCfg = Debug|Win32
		{3AFA79FC-915A-4A90-BAF5-130101BFA24A}.Debug|Win32.Build.0 = Debug|Win32
		{3AFA79FC-915A-4A90-BAF5-130101BFA24A}.Release|Win32.ActiveCfg = Release|Win32
		{3AFA79FC-915A-4A90-BAF5-130101BFA24A}.Release|Win32.Build.0 = Release|Win32
		{8828CA3C-3984-406B-918A-316CFB0D785F}.Debug|Win32.ActiveCfg = Debug|Win32
		{8828CA3C-3984-406B-918A-316CFB0D785F}.Debug|Win32.Build.0 = Debug|Win32
		{8828CA3C-3984-406B-918A-316CFB0D785F}.Release|Win32.ActiveCfg = Release|Win32
		{8828CA3C-3984-406B-918A-316CFB0D785F}.Release|Win32.Build.0 = Release|Win32
		{893762DD-CDB0-489D-B488-5EB1B0641249}.Debug|Win32.ActiveCfg = Debug|Win32
		{893762DD-CDB0-489D-B488-5EB1B0641249}.Debug|Win32.Build.0 = Debug|Win32
		{893762DD-CDB0-489D-B488-5EB1B0641249}.Release|Win32.ActiveCfg = Release|Win32
		{893762DD-CDB0-489D-B488-5EB1B0641249}.Release|Win32.Build.0 = Release|Win32
		{878D062D-071F-4BBE-851D-C76F5349670F}.Debug|Win32.ActiveCfg = Debug|Win32
		{878D062D-071F-4BBE-851D-C76F5349670F}.Debug|Win32.Build.0 = Debug|Win32
		{878D062D-071F-4BBE-851D-C76F5349670F}.Release|Win32.ActiveCfg = Release|Win32
		{878D062D-071F-4BBE-851D-C76F5349670F}.Release|Win32.Build.0 = Release|Win32
		{A0DC2697-7D6A-4E62-A381-7D1307EA55D6}.Debug|Win32.ActiveCfg = Debug|Win32
		{A0DC2697-7D6A-4E62-A381-7D1307EA55D6}.Debug|Win32.Build.0 = Debug|Win32
		{A0DC2697-7D6A-4E62-A381-7D1307EA55D6}.Release|Win32.ActiveCfg = Release|Win32
		{A0DC2697-7D6A-4E62-A381-7D1307EA55D6}.Release|Win32.Build.0 = Release|Win32
		{DC9EB3A3-4929-4594-AC04-FDAC99A98089}.Debug|Win32.ActiveCfg = Debug|Win32
		{DC9EB3A3-4929-4594-AC04-FDAC99A98089}.Debug|Win32.Build.0 = Debug|Win32
		{DC9EB3A3-4929-4594-AC04-FDAC99A98089}.Release|Win32.ActiveCfg = Release|Win32
		{DC9EB3A3-4929-4594-AC04-FDAC99A98089}.Release|Win32.Build.0 = Release|Win32
		{1B6D11E2-66F9-454F-8069-65B76817B265}.Debug|Win32.ActiveCfg = Debug|Win32
		{1B6D11E2-66F9-454F-8069-65B76817B265}.Debug|Win32.Build.0 = Debug|Win32
		{1B6D11E2-66F9-454F-8069-65B76817B265}.Release|Win32.ActiveCfg = Release|Win32
		{1B6D11E2-66F9-454F-8069-65B76817B265}.Release|Win32.Build.0 = Release|Win32
	EndGlobalSection
	GlobalSection(SolutionProperties) = preSolution
		HideSolutionNode = FALSE
	EndGlobalSection
EndGlobal
